
Microsoft Visual Studio Solution File, Format Version 12.00
# Visual Studio Version 17
VisualStudioVersion = 17.3.32804.467
MinimumVisualStudioVersion = 10.0.40219.1
Project("{FAE04EC0-301F-11D3-BF4B-00C04F79EFBC}") = "MyCalc", "MyCalc\MyCalc.csproj", "{A587418C-BF97-4B63-B118-FC043414DAC5}"
EndProject
Project("{FAE04EC0-301F-11D3-BF4B-00C04F79EFBC}") = "HelloApp", "HelloApp\HelloApp.csproj", "{06903142-8F62-4BB1-8E56-C9B83C896841}"
EndProject
Global
	GlobalSection(SolutionConfigurationPlatforms) = preSolution
		Debug|Any CPU = Debug|Any CPU
		Release|Any CPU = Release|Any CPU
	EndGlobalSection
	GlobalSection(ProjectConfigurationPlatforms) = postSolution
		{A587418C-BF97-4B63-B118-FC043414DAC5}.Debug|Any CPU.ActiveCfg = Debug|Any CPU
		{A587418C-BF97-4B63-B118-FC043414DAC5}.Debug|Any CPU.Build.0 = Debug|Any CPU
		{A587418C-BF97-4B63-B118-FC043414DAC5}.Release|Any CPU.ActiveCfg = Release|Any CPU
		{A587418C-BF97-4B63-B118-FC043414DAC5}.Release|Any CPU.Build.0 = Release|Any CPU
		{06903142-8F62-4BB1-8E56-C9B83C896841}.Debug|Any CPU.ActiveCfg = Debug|Any CPU
		{06903142-8F62-4BB1-8E56-C9B83C896841}.Debug|Any CPU.Build.0 = Debug|Any CPU
		{06903142-8F62-4BB1-8E56-C9B83C896841}.Release|Any CPU.ActiveCfg = Release|Any CPU
		{06903142-8F62-4BB1-8E56-C9B83C896841}.Release|Any CPU.Build.0 = Release|Any CPU
	EndGlobalSection
	GlobalSection(SolutionProperties) = preSolution
		HideSolutionNode = FALSE
	EndGlobalSection
	GlobalSection(ExtensibilityGlobals) = postSolution
		SolutionGuid = {A2380681-F29A-4328-B765-2D39FF59555B}
	EndGlobalSection
EndGlobal
